Microsoft Visual Studio Solution File, Format Version 1.00
Project("{66355F20-A65B-11D0-BFB5-00A0C91EBFA0}") = "Project2", "Project2.vjp", "{35C39FEB-42DB-4867-8818-2259C7328210}"
EndProject
Global
	GlobalSection(LocalDeployment) = postSolution
		StartupProject = {35C39FEB-42DB-4867-8818-2259C7328210}
	EndGlobalSection
	GlobalSection(BuildOrder) = postSolution
		0 = {35C39FEB-42DB-4867-8818-2259C7328210}
	EndGlobalSection
	GlobalSection(DeploymentRoot) = postSolution
	EndGlobalSection
EndGlobal
